
Microsoft Visual Studio Solution File, Format Version 12.00
# Visual Studio Version 16
VisualStudioVersion = 16.0.30907.101
MinimumVisualStudioVersion = 10.0.40219.1
Project("{8BC9CEB8-8B4A-11D0-8D11-00A0C91BC942}") = "date_and_time", "date_and_time\date_and_time.vcxproj", "{AF79C28A-6EF9-4A03-A25E-ED3E62D503A3}"
EndProject
Global
	GlobalSection(SolutionConfigurationPlatforms) = preSolution
		Debug|x64 = Debug|x64
		Debug|x86 = Debug|x86
		Release|x64 = Release|x64
		Release|x86 = Release|x86
	EndGlobalSection
	GlobalSection(ProjectConfigurationPlatforms) = postSolution
		{AF79C28A-6EF9-4A03-A25E-ED3E62D503A3}.Debug|x64.ActiveCfg = Debug|x64
		{AF79C28A-6EF9-4A03-A25E-ED3E62D503A3}.Debug|x64.Build.0 = Debug|x64
		{AF79C28A-6EF9-4A03-A25E-ED3E62D503A3}.Debug|x86.ActiveCfg = Debug|Win32
		{AF79C28A-6EF9-4A03-A25E-ED3E62D503A3}.Debug|x86.Build.0 = Debug|Win32
		{AF79C28A-6EF9-4A03-A25E-ED3E62D503A3}.Release|x64.ActiveCfg = Release|x64
		{AF79C28A-6EF9-4A03-A25E-ED3E62D503A3}.Release|x64.Build.0 = Release|x64
		{AF79C28A-6EF9-4A03-A25E-ED3E62D503A3}.Release|x86.ActiveCfg = Release|Win32
		{AF79C28A-6EF9-4A03-A25E-ED3E62D503A3}.Release|x86.Build.0 = Release|Win32
	EndGlobalSection
	GlobalSection(SolutionProperties) = preSolution
		HideSolutionNode = FALSE
	EndGlobalSection
	GlobalSection(ExtensibilityGlobals) = postSolution
		SolutionGuid = {C32161D6-053A-4D80-847F-819692D1A744}
	EndGlobalSection
EndGlobal
